
Microsoft Visual Studio Solution File, Format Version 12.00
# Visual Studio Version 16
VisualStudioVersion = 16.0.29926.136
MinimumVisualStudioVersion = 10.0.40219.1
Project("{9A19103F-16F7-4668-BE54-9A1E7A4F7556}") = "CH02_DesignPattenrs", "CH02_DesignPattenrs\CH02_DesignPattenrs.csproj", "{474701A9-50E5-4EE8-8718-25F4C0F20496}"
EndProject
Project("{9A19103F-16F7-4668-BE54-9A1E7A4F7556}") = "CH02_DesignPatterns", "CH02_DesignPatterns\CH02_DesignPatterns.csproj", "{7EA93072-E5C9-4856-8843-C39E7297BDFC}"
EndProject
Project("{9A19103F-16F7-4668-BE54-9A1E7A4F7556}") = "CH02_DesignPattens.Test", "CH02_DesignPattens.Test\CH02_DesignPattens.Test.csproj", "{FC7F6E26-6BE8-44DC-9824-00DE8A937D7E}"
EndProject
Project("{FAE04EC0-301F-11D3-BF4B-00C04F79EFBC}") = "CH03_CRM.Domain", "CH03_CRM.Domain\CH03_CRM.Domain.csproj", "{6195CE72-692C-4C46-9FC0-EBA1D6DEB740}"
EndProject
Global
	GlobalSection(SolutionConfigurationPlatforms) = preSolution
		Debug|Any CPU = Debug|Any CPU
		Release|Any CPU = Release|Any CPU
	EndGlobalSection
	GlobalSection(ProjectConfigurationPlatforms) = postSolution
		{474701A9-50E5-4EE8-8718-25F4C0F20496}.Debug|Any CPU.ActiveCfg = Debug|Any CPU
		{474701A9-50E5-4EE8-8718-25F4C0F20496}.Debug|Any CPU.Build.0 = Debug|Any CPU
		{474701A9-50E5-4EE8-8718-25F4C0F20496}.Release|Any CPU.ActiveCfg = Release|Any CPU
		{474701A9-50E5-4EE8-8718-25F4C0F20496}.Release|Any CPU.Build.0 = Release|Any CPU
		{7EA93072-E5C9-4856-8843-C39E7297BDFC}.Debug|Any CPU.ActiveCfg = Debug|Any CPU
		{7EA93072-E5C9-4856-8843-C39E7297BDFC}.Debug|Any CPU.Build.0 = Debug|Any CPU
		{7EA93072-E5C9-4856-8843-C39E7297BDFC}.Release|Any CPU.ActiveCfg = Release|Any CPU
		{7EA93072-E5C9-4856-8843-C39E7297BDFC}.Release|Any CPU.Build.0 = Release|Any CPU
		{FC7F6E26-6BE8-44DC-9824-00DE8A937D7E}.Debug|Any CPU.ActiveCfg = Debug|Any CPU
		{FC7F6E26-6BE8-44DC-9824-00DE8A937D7E}.Debug|Any CPU.Build.0 = Debug|Any CPU
		{FC7F6E26-6BE8-44DC-9824-00DE8A937D7E}.Release|Any CPU.ActiveCfg = Release|Any CPU
		{FC7F6E26-6BE8-44DC-9824-00DE8A937D7E}.Release|Any CPU.Build.0 = Release|Any CPU
		{6195CE72-692C-4C46-9FC0-EBA1D6DEB740}.Debug|Any CPU.ActiveCfg = Debug|Any CPU
		{6195CE72-692C-4C46-9FC0-EBA1D6DEB740}.Debug|Any CPU.Build.0 = Debug|Any CPU
		{6195CE72-692C-4C46-9FC0-EBA1D6DEB740}.Release|Any CPU.ActiveCfg = Release|Any CPU
		{6195CE72-692C-4C46-9FC0-EBA1D6DEB740}.Release|Any CPU.Build.0 = Release|Any CPU
	EndGlobalSection
	GlobalSection(SolutionProperties) = preSolution
		HideSolutionNode = FALSE
	EndGlobalSection
	GlobalSection(ExtensibilityGlobals) = postSolution
		SolutionGuid = {5B26891C-6CE8-42D8-BC5A-5D146C045FE0}
	EndGlobalSection
EndGlobal
